
Microsoft Visual Studio Solution File, Format Version 12.00
# Visual Studio Version 17
VisualStudioVersion = 17.4.33103.184
MinimumVisualStudioVersion = 10.0.40219.1
Project("{FAE04EC0-301F-11D3-BF4B-00C04F79EFBC}") = "PracticesGit", "PracticesGit\PracticesGit.csproj", "{BDCC0254-00EE-4130-917C-B6F1289FB6C8}"
EndProject
Global
	GlobalSection(SolutionConfigurationPlatforms) = preSolution
		Debug|Any CPU = Debug|Any CPU
		Release|Any CPU = Release|Any CPU
	EndGlobalSection
	GlobalSection(ProjectConfigurationPlatforms) = postSolution
		{BDCC0254-00EE-4130-917C-B6F1289FB6C8}.Debug|Any CPU.ActiveCfg = Debug|Any CPU
		{BDCC0254-00EE-4130-917C-B6F1289FB6C8}.Debug|Any CPU.Build.0 = Debug|Any CPU
		{BDCC0254-00EE-4130-917C-B6F1289FB6C8}.Release|Any CPU.ActiveCfg = Release|Any CPU
		{BDCC0254-00EE-4130-917C-B6F1289FB6C8}.Release|Any CPU.Build.0 = Release|Any CPU
	EndGlobalSection
	GlobalSection(SolutionProperties) = preSolution
		HideSolutionNode = FALSE
	EndGlobalSection
	GlobalSection(ExtensibilityGlobals) = postSolution
		SolutionGuid = {FEBDA413-8A0F-4E30-8C86-FCC0A89BCFB8}
	EndGlobalSection
EndGlobal
